
Microsoft Visual Studio Solution File, Format Version 12.00
# Visual Studio 15
VisualStudioVersion = 15.0.28307.539
MinimumVisualStudioVersion = 10.0.40219.1
Project("{9A19103F-16F7-4668-BE54-9A1E7A4F7556}") = "frontend", "frontend.csproj", "{4749AF9B-D344-43DF-8567-DEDCEF190B81}"
EndProject
Global
	GlobalSection(SolutionConfigurationPlatforms) = preSolution
		Debug|Any CPU = Debug|Any CPU
		Release|Any CPU = Release|Any CPU
	EndGlobalSection
	GlobalSection(ProjectConfigurationPlatforms) = postSolution
		{4749AF9B-D344-43DF-8567-DEDCEF190B81}.Debug|Any CPU.ActiveCfg = Debug|Any CPU
		{4749AF9B-D344-43DF-8567-DEDCEF190B81}.Debug|Any CPU.Build.0 = Debug|Any CPU
		{4749AF9B-D344-43DF-8567-DEDCEF190B81}.Release|Any CPU.ActiveCfg = Release|Any CPU
		{4749AF9B-D344-43DF-8567-DEDCEF190B81}.Release|Any CPU.Build.0 = Release|Any CPU
	EndGlobalSection
	GlobalSection(SolutionProperties) = preSolution
		HideSolutionNode = FALSE
	EndGlobalSection
	GlobalSection(ExtensibilityGlobals) = postSolution
		SolutionGuid = {E9313ECF-BE19-4D76-99BF-5B78C8FA79A1}
	EndGlobalSection
EndGlobal
